
Microsoft Visual Studio Solution File, Format Version 12.00
# Visual Studio 14
VisualStudioVersion = 14.0.25420.1
MinimumVisualStudioVersion = 10.0.40219.1
Project("{FAE04EC0-301F-11D3-BF4B-00C04F79EFBC}") = "Simplic.Data", "Simplic.Data\Simplic.Data.csproj", "{DDA22FE5-3893-4C26-A1AD-EB19A9379BC7}"
EndProject
Project("{FAE04EC0-301F-11D3-BF4B-00C04F79EFBC}") = "Simplic.Data.Sql", "Simplic.Data.Sql\Simplic.Data.Sql.csproj", "{BCB1856C-0BCC-4167-B232-E1D0BFC14845}"
EndProject
Global
	GlobalSection(SolutionConfigurationPlatforms) = preSolution
		Debug|Any CPU = Debug|Any CPU
		Release|Any CPU = Release|Any CPU
	EndGlobalSection
	GlobalSection(ProjectConfigurationPlatforms) = postSolution
		{DDA22FE5-3893-4C26-A1AD-EB19A9379BC7}.Debug|Any CPU.ActiveCfg = Debug|Any CPU
		{DDA22FE5-3893-4C26-A1AD-EB19A9379BC7}.Debug|Any CPU.Build.0 = Debug|Any CPU
		{DDA22FE5-3893-4C26-A1AD-EB19A9379BC7}.Release|Any CPU.ActiveCfg = Release|Any CPU
		{DDA22FE5-3893-4C26-A1AD-EB19A9379BC7}.Release|Any CPU.Build.0 = Release|Any CPU
		{BCB1856C-0BCC-4167-B232-E1D0BFC14845}.Debug|Any CPU.ActiveCfg = Debug|Any CPU
		{BCB1856C-0BCC-4167-B232-E1D0BFC14845}.Debug|Any CPU.Build.0 = Debug|Any CPU
		{BCB1856C-0BCC-4167-B232-E1D0BFC14845}.Release|Any CPU.ActiveCfg = Release|Any CPU
		{BCB1856C-0BCC-4167-B232-E1D0BFC14845}.Release|Any CPU.Build.0 = Release|Any CPU
	EndGlobalSection
	GlobalSection(SolutionProperties) = preSolution
		HideSolutionNode = FALSE
	EndGlobalSection
EndGlobal
