
Microsoft Visual Studio Solution File, Format Version 12.00
# Visual Studio 15
VisualStudioVersion = 15.0.27703.2035
MinimumVisualStudioVersion = 10.0.40219.1
Project("{FAE04EC0-301F-11D3-BF4B-00C04F79EFBC}") = "Simplic.Preference", "Simplic.Preference\Simplic.Preference.csproj", "{68CD0B23-A6FC-4BFD-BFF2-8A5D5818BD7D}"
EndProject
Project("{FAE04EC0-301F-11D3-BF4B-00C04F79EFBC}") = "Simplic.Preference.Service", "Simplic.Preference.Service\Simplic.Preference.Service.csproj", "{4223FF8E-A24A-470B-9DF3-8BE7EADFFBE1}"
EndProject
Global
	GlobalSection(SolutionConfigurationPlatforms) = preSolution
		Debug|Any CPU = Debug|Any CPU
		Release|Any CPU = Release|Any CPU
	EndGlobalSection
	GlobalSection(ProjectConfigurationPlatforms) = postSolution
		{68CD0B23-A6FC-4BFD-BFF2-8A5D5818BD7D}.Debug|Any CPU.ActiveCfg = Debug|Any CPU
		{68CD0B23-A6FC-4BFD-BFF2-8A5D5818BD7D}.Debug|Any CPU.Build.0 = Debug|Any CPU
		{68CD0B23-A6FC-4BFD-BFF2-8A5D5818BD7D}.Release|Any CPU.ActiveCfg = Release|Any CPU
		{68CD0B23-A6FC-4BFD-BFF2-8A5D5818BD7D}.Release|Any CPU.Build.0 = Release|Any CPU
		{4223FF8E-A24A-470B-9DF3-8BE7EADFFBE1}.Debug|Any CPU.ActiveCfg = Debug|Any CPU
		{4223FF8E-A24A-470B-9DF3-8BE7EADFFBE1}.Debug|Any CPU.Build.0 = Debug|Any CPU
		{4223FF8E-A24A-470B-9DF3-8BE7EADFFBE1}.Release|Any CPU.ActiveCfg = Release|Any CPU
		{4223FF8E-A24A-470B-9DF3-8BE7EADFFBE1}.Release|Any CPU.Build.0 = Release|Any CPU
	EndGlobalSection
	GlobalSection(SolutionProperties) = preSolution
		HideSolutionNode = FALSE
	EndGlobalSection
	GlobalSection(ExtensibilityGlobals) = postSolution
		SolutionGuid = {2F76688C-4764-45B0-B057-8E72BD01C35D}
	EndGlobalSection
EndGlobal
