
Microsoft Visual Studio Solution File, Format Version 12.00
# Visual Studio 15
VisualStudioVersion = 15.0.27703.2035
MinimumVisualStudioVersion = 10.0.40219.1
Project("{FAE04EC0-301F-11D3-BF4B-00C04F79EFBC}") = "Simplic.User", "Simplic.User\Simplic.User.csproj", "{8C891F3E-A6C5-434F-B034-D2FB6D924825}"
EndProject
Project("{FAE04EC0-301F-11D3-BF4B-00C04F79EFBC}") = "Simplic.UserSession", "Simplic.UserSession\Simplic.UserSession.csproj", "{9C5143D6-5A98-493E-AE85-51FB401FD30F}"
EndProject
Project("{FAE04EC0-301F-11D3-BF4B-00C04F79EFBC}") = "Simplic.User.Service", "Simplic.User.Service\Simplic.User.Service.csproj", "{317D9AE7-0039-4D4C-991A-C8E709C7671E}"
EndProject
Global
	GlobalSection(SolutionConfigurationPlatforms) = preSolution
		Debug|Any CPU = Debug|Any CPU
		Release|Any CPU = Release|Any CPU
	EndGlobalSection
	GlobalSection(ProjectConfigurationPlatforms) = postSolution
		{8C891F3E-A6C5-434F-B034-D2FB6D924825}.Debug|Any CPU.ActiveCfg = Debug|Any CPU
		{8C891F3E-A6C5-434F-B034-D2FB6D924825}.Debug|Any CPU.Build.0 = Debug|Any CPU
		{8C891F3E-A6C5-434F-B034-D2FB6D924825}.Release|Any CPU.ActiveCfg = Release|Any CPU
		{8C891F3E-A6C5-434F-B034-D2FB6D924825}.Release|Any CPU.Build.0 = Release|Any CPU
		{9C5143D6-5A98-493E-AE85-51FB401FD30F}.Debug|Any CPU.ActiveCfg = Debug|Any CPU
		{9C5143D6-5A98-493E-AE85-51FB401FD30F}.Debug|Any CPU.Build.0 = Debug|Any CPU
		{9C5143D6-5A98-493E-AE85-51FB401FD30F}.Release|Any CPU.ActiveCfg = Release|Any CPU
		{9C5143D6-5A98-493E-AE85-51FB401FD30F}.Release|Any CPU.Build.0 = Release|Any CPU
		{317D9AE7-0039-4D4C-991A-C8E709C7671E}.Debug|Any CPU.ActiveCfg = Debug|Any CPU
		{317D9AE7-0039-4D4C-991A-C8E709C7671E}.Debug|Any CPU.Build.0 = Debug|Any CPU
		{317D9AE7-0039-4D4C-991A-C8E709C7671E}.Release|Any CPU.ActiveCfg = Release|Any CPU
		{317D9AE7-0039-4D4C-991A-C8E709C7671E}.Release|Any CPU.Build.0 = Release|Any CPU
	EndGlobalSection
	GlobalSection(SolutionProperties) = preSolution
		HideSolutionNode = FALSE
	EndGlobalSection
	GlobalSection(ExtensibilityGlobals) = postSolution
		SolutionGuid = {7BDFDE2D-7154-4BFF-9575-0D7C1FAE0571}
	EndGlobalSection
EndGlobal
